<?xml version="1.0" encoding="utf-8"?>
<Project ToolsVersion="4.0" xmlns="http://schemas.microsoft.com/developer/msbuild/2003">
  <ItemGroup>
    <Filter Include="Assets">
      <UniqueIdentifier>17b52f90-9b33-4188-8a0e-808582bbabbc</UniqueIdentifier>
      <Extensions>ico;bmp;dlg;gif;jpg;jpeg;jpe;resx;tiff;tif;png;wav;resw;resjson</Extensions>
    </Filter>
    <Filter Include="Assets\Data">
      <UniqueIdentifier>{b92e17f5-b5dd-48b2-924f-59695abbed55}</UniqueIdentifier>
    </Filter>
    <Filter Include="Assets\Data\BGM">
      <UniqueIdentifier>{2962a6db-2555-42db-a5b6-085e8ba186f4}</UniqueIdentifier>
    </Filter>
    <Filter Include="Assets\Data\res">
      <UniqueIdentifier>{73bb2224-1e62-43d8-a353-dd657c864410}</UniqueIdentifier>
    </Filter>
    <Filter Include="Assets\Data\SE">
      <UniqueIdentifier>{0dbc13e3-2365-4636-91bb-1aead9bda7fb}</UniqueIdentifier>
    </Filter>
    <Filter Include="sdlgfx">
      <UniqueIdentifier>{79620dce-e152-4a1f-bf8a-ce188e946f57}</UniqueIdentifier>
    </Filter>
  </ItemGroup>
  <ItemGroup>
    <Image Include="Assets\ApplicationIcon.png">
      <Filter>Assets</Filter>
    </Image>
    <Image Include="Assets\AlignmentGrid.png">
      <Filter>Assets</Filter>
    </Image>
    <Image Include="Assets\Tiles\FlipCycleTileLarge.png">
      <Filter>Assets</Filter>
    </Image>
    <Image Include="Assets\Tiles\FlipCycleTileMedium.png">
      <Filter>Assets</Filter>
    </Image>
    <Image Include="Assets\Tiles\FlipCycleTileSmall.png">
      <Filter>Assets</Filter>
    </Image>
    <Image Include="Assets\Tiles\IconicTileMediumLarge.png">
      <Filter>Assets</Filter>
    </Image>
    <Image Include="Assets\Tiles\IconicTileSmall.png">
      <Filter>Assets</Filter>
    </Image>
    <Image Include="..\data\icon.ico">
      <Filter>Assets\Data</Filter>
    </Image>
    <Image Include="..\data\res\haikei.bmp">
      <Filter>Assets\Data\res</Filter>
    </Image>
    <Image Include="..\data\res\item.bmp">
      <Filter>Assets\Data\res</Filter>
    </Image>
    <Image Include="..\data\res\omake.bmp">
      <Filter>Assets\Data\res</Filter>
    </Image>
    <Image Include="..\data\res\omake2.bmp">
      <Filter>Assets\Data\res</Filter>
    </Image>
    <Image Include="..\data\res\player.bmp">
      <Filter>Assets\Data\res</Filter>
    </Image>
    <Image Include="..\data\res\syobon3.bmp">
      <Filter>Assets\Data\res</Filter>
    </Image>
    <Image Include="..\data\res\teki.bmp">
      <Filter>Assets\Data\res</Filter>
    </Image>
    <Image Include="..\data\res\brock.bmp">
      <Filter>Assets\Data\res</Filter>
    </Image>
    <Image Include="..\data\res\brock2.bmp">
      <Filter>Assets\Data\res</Filter>
    </Image>
  </ItemGroup>
  <ItemGroup>
    <Xml Include="WMAppManifest.xml" />
  </ItemGroup>
  <ItemGroup>
    <ClCompile Include="WinPhoneUtil.cpp" />
    <ClCompile Include="..\DxLib.cpp" />
    <ClCompile Include="..\loadg.cpp" />
    <ClCompile Include="..\main.cpp" />
    <ClCompile Include="SDL\src\main\winrt\SDL_winrt_main_NonXAML.cpp" />
    <ClCompile Include="..\sdlgfx\SDL_gfxPrimitives.c">
      <Filter>sdlgfx</Filter>
    </ClCompile>
  </ItemGroup>
  <ItemGroup>
    <Text Include="..\data\readme.txt">
      <Filter>Assets\Data</Filter>
    </Text>
    <Text Include="..\data\readme_ja.txt">
      <Filter>Assets\Data</Filter>
    </Text>
  </ItemGroup>
  <ItemGroup>
    <None Include="..\data\BGM\field.ogg">
      <Filter>Assets\Data\BGM</Filter>
    </None>
    <None Include="..\data\BGM\puyo.ogg">
      <Filter>Assets\Data\BGM</Filter>
    </None>
    <None Include="..\data\BGM\star4.ogg">
      <Filter>Assets\Data\BGM</Filter>
    </None>
    <None Include="..\data\BGM\castle.ogg">
      <Filter>Assets\Data\BGM</Filter>
    </None>
    <None Include="..\data\BGM\dungeon.ogg">
      <Filter>Assets\Data\BGM</Filter>
    </None>
    <None Include="..\data\SE\brockkinoko.ogg">
      <Filter>Assets\Data\SE</Filter>
    </None>
    <None Include="..\data\SE\coin.ogg">
      <Filter>Assets\Data\SE</Filter>
    </None>
    <None Include="..\data\SE\death.ogg">
      <Filter>Assets\Data\SE</Filter>
    </None>
    <None Include="..\data\SE\dokan.ogg">
      <Filter>Assets\Data\SE</Filter>
    </None>
    <None Include="..\data\SE\gameover.ogg">
      <Filter>Assets\Data\SE</Filter>
    </None>
    <None Include="..\data\SE\goal.ogg">
      <Filter>Assets\Data\SE</Filter>
    </None>
    <None Include="..\data\SE\hintBlock.ogg">
      <Filter>Assets\Data\SE</Filter>
    </None>
    <None Include="..\data\SE\humi.ogg">
      <Filter>Assets\Data\SE</Filter>
    </None>
    <None Include="..\data\SE\jump.ogg">
      <Filter>Assets\Data\SE</Filter>
    </None>
    <None Include="..\data\SE\jumpBlock.ogg">
      <Filter>Assets\Data\SE</Filter>
    </None>
    <None Include="..\data\SE\kirra.ogg">
      <Filter>Assets\Data\SE</Filter>
    </None>
    <None Include="..\data\SE\koura.ogg">
      <Filter>Assets\Data\SE</Filter>
    </None>
    <None Include="..\data\SE\powerup.ogg">
      <Filter>Assets\Data\SE</Filter>
    </None>
    <None Include="..\data\SE\Pswitch.ogg">
      <Filter>Assets\Data\SE</Filter>
    </None>
    <None Include="..\data\SE\tekifire.ogg">
      <Filter>Assets\Data\SE</Filter>
    </None>
    <None Include="..\data\SE\4-clear.ogg">
      <Filter>Assets\Data\SE</Filter>
    </None>
    <None Include="..\data\SE\allclear.ogg">
      <Filter>Assets\Data\SE</Filter>
    </None>
    <None Include="..\data\SE\brockbreak.ogg">
      <Filter>Assets\Data\SE</Filter>
    </None>
    <None Include="..\data\SE\brockcoin.ogg">
      <Filter>Assets\Data\SE</Filter>
    </None>
  </ItemGroup>
  <ItemGroup>
    <ClInclude Include="..\DxLib.h" />
    <ClInclude Include="..\font.h" />
    <ClInclude Include="..\joyconfig.h" />
    <ClInclude Include="..\main.h" />
    <ClInclude Include="..\txtmsg.h" />
    <ClInclude Include="..\sdlgfx\SDL_gfxPrimitives.h">
      <Filter>sdlgfx</Filter>
    </ClInclude>
    <ClInclude Include="..\sdlgfx\SDL_gfxPrimitives_font.h">
      <Filter>sdlgfx</Filter>
    </ClInclude>
  </ItemGroup>
</Project>